
Microsoft Visual Studio Solution File, Format Version 12.00
# Visual Studio 15
VisualStudioVersion = 15.0.27130.2027
MinimumVisualStudioVersion = 10.0.40219.1
Project("{FAE04EC0-301F-11D3-BF4B-00C04F79EFBC}") = "ComboProject", "ComboProject\ComboProject.csproj", "{6A1FA4AA-C765-446E-99E2-191C92A7823B}"
EndProject
Global
	GlobalSection(SolutionConfigurationPlatforms) = preSolution
		Debug|Any CPU = Debug|Any CPU
		Release|Any CPU = Release|Any CPU
	EndGlobalSection
	GlobalSection(ProjectConfigurationPlatforms) = postSolution
		{6A1FA4AA-C765-446E-99E2-191C92A7823B}.Debug|Any CPU.ActiveCfg = Debug|Any CPU
		{6A1FA4AA-C765-446E-99E2-191C92A7823B}.Debug|Any CPU.Build.0 = Debug|Any CPU
		{6A1FA4AA-C765-446E-99E2-191C92A7823B}.Release|Any CPU.ActiveCfg = Release|Any CPU
		{6A1FA4AA-C765-446E-99E2-191C92A7823B}.Release|Any CPU.Build.0 = Release|Any CPU
	EndGlobalSection
	GlobalSection(SolutionProperties) = preSolution
		HideSolutionNode = FALSE
	EndGlobalSection
	GlobalSection(ExtensibilityGlobals) = postSolution
		SolutionGuid = {324EED49-98E5-4929-8EE9-2114693A30F4}
	EndGlobalSection
EndGlobal
